
Microsoft Visual Studio Solution File, Format Version 12.00
# Visual Studio Version 17
VisualStudioVersion = 17.8.34330.188
MinimumVisualStudioVersion = 10.0.40219.1
Project("{FAE04EC0-301F-11D3-BF4B-00C04F79EFBC}") = "TiredMod", "TiredMod.csproj", "{B3D79C4B-631F-4478-AB6E-C5AF0D848C0E}"
EndProject
Global
	GlobalSection(SolutionConfigurationPlatforms) = preSolution
		Debug|Any CPU = Debug|Any CPU
		Release|Any CPU = Release|Any CPU
	EndGlobalSection
	GlobalSection(ProjectConfigurationPlatforms) = postSolution
		{B3D79C4B-631F-4478-AB6E-C5AF0D848C0E}.Debug|Any CPU.ActiveCfg = Debug|Any CPU
		{B3D79C4B-631F-4478-AB6E-C5AF0D848C0E}.Debug|Any CPU.Build.0 = Debug|Any CPU
		{B3D79C4B-631F-4478-AB6E-C5AF0D848C0E}.Release|Any CPU.ActiveCfg = Release|Any CPU
		{B3D79C4B-631F-4478-AB6E-C5AF0D848C0E}.Release|Any CPU.Build.0 = Release|Any CPU
	EndGlobalSection
	GlobalSection(SolutionProperties) = preSolution
		HideSolutionNode = FALSE
	EndGlobalSection
	GlobalSection(ExtensibilityGlobals) = postSolution
		SolutionGuid = {C6B03F7D-7382-4898-B195-859CD735692B}
	EndGlobalSection
EndGlobal
